
Microsoft Visual Studio Solution File, Format Version 12.00
# Visual Studio Version 17
VisualStudioVersion = 17.5.33627.172
MinimumVisualStudioVersion = 10.0.40219.1
Project("{FAE04EC0-301F-11D3-BF4B-00C04F79EFBC}") = "TSPGeneticAlgorithm", "TSPGeneticAlgorithm.csproj", "{F4CC370D-F8E8-4AA8-8923-AD6EAA583245}"
EndProject
Global
	GlobalSection(SolutionConfigurationPlatforms) = preSolution
		Debug|Any CPU = Debug|Any CPU
		Release|Any CPU = Release|Any CPU
	EndGlobalSection
	GlobalSection(ProjectConfigurationPlatforms) = postSolution
		{F4CC370D-F8E8-4AA8-8923-AD6EAA583245}.Debug|Any CPU.ActiveCfg = Debug|Any CPU
		{F4CC370D-F8E8-4AA8-8923-AD6EAA583245}.Debug|Any CPU.Build.0 = Debug|Any CPU
		{F4CC370D-F8E8-4AA8-8923-AD6EAA583245}.Release|Any CPU.ActiveCfg = Release|Any CPU
		{F4CC370D-F8E8-4AA8-8923-AD6EAA583245}.Release|Any CPU.Build.0 = Release|Any CPU
	EndGlobalSection
	GlobalSection(SolutionProperties) = preSolution
		HideSolutionNode = FALSE
	EndGlobalSection
	GlobalSection(ExtensibilityGlobals) = postSolution
		SolutionGuid = {3F7CE2DD-EC1A-48AE-B6A5-91CF589B99BD}
	EndGlobalSection
EndGlobal
